
Microsoft Visual Studio Solution File, Format Version 12.00
# Visual Studio Version 17
VisualStudioVersion = 17.6.33801.468
MinimumVisualStudioVersion = 10.0.40219.1
Project("{9A19103F-16F7-4668-BE54-9A1E7A4F7556}") = "BirthdayPresent", "BirthdayPresent.csproj", "{9B2E27FE-D092-4C63-9A4F-0EBE9671EB40}"
EndProject
Project("{9A19103F-16F7-4668-BE54-9A1E7A4F7556}") = "BirthdayPresent.Core", "..\BirthdayPresent.Core\BirthdayPresent.Core.csproj", "{34BA0696-2304-4B55-8D7B-7D383EC18FBE}"
EndProject
Project("{9A19103F-16F7-4668-BE54-9A1E7A4F7556}") = "BirthdayPresent.Infrastructure", "..\BirthdayPresent.Infrastructure\BirthdayPresent.Infrastructure.csproj", "{34D6790F-30B6-49C6-9ED9-507C6F20661C}"
EndProject
Project("{FAE04EC0-301F-11D3-BF4B-00C04F79EFBC}") = "BirthdayPresent.Test", "..\BirthdayPresent.Test\BirthdayPresent.Test.csproj", "{31050EAB-3173-4F21-B5FF-E5706FD96F25}"
EndProject
Global
	GlobalSection(SolutionConfigurationPlatforms) = preSolution
		Debug|Any CPU = Debug|Any CPU
		Release|Any CPU = Release|Any CPU
	EndGlobalSection
	GlobalSection(ProjectConfigurationPlatforms) = postSolution
		{9B2E27FE-D092-4C63-9A4F-0EBE9671EB40}.Debug|Any CPU.ActiveCfg = Debug|Any CPU
		{9B2E27FE-D092-4C63-9A4F-0EBE9671EB40}.Debug|Any CPU.Build.0 = Debug|Any CPU
		{9B2E27FE-D092-4C63-9A4F-0EBE9671EB40}.Release|Any CPU.ActiveCfg = Release|Any CPU
		{9B2E27FE-D092-4C63-9A4F-0EBE9671EB40}.Release|Any CPU.Build.0 = Release|Any CPU
		{34BA0696-2304-4B55-8D7B-7D383EC18FBE}.Debug|Any CPU.ActiveCfg = Debug|Any CPU
		{34BA0696-2304-4B55-8D7B-7D383EC18FBE}.Debug|Any CPU.Build.0 = Debug|Any CPU
		{34BA0696-2304-4B55-8D7B-7D383EC18FBE}.Release|Any CPU.ActiveCfg = Release|Any CPU
		{34BA0696-2304-4B55-8D7B-7D383EC18FBE}.Release|Any CPU.Build.0 = Release|Any CPU
		{34D6790F-30B6-49C6-9ED9-507C6F20661C}.Debug|Any CPU.ActiveCfg = Debug|Any CPU
		{34D6790F-30B6-49C6-9ED9-507C6F20661C}.Debug|Any CPU.Build.0 = Debug|Any CPU
		{34D6790F-30B6-49C6-9ED9-507C6F20661C}.Release|Any CPU.ActiveCfg = Release|Any CPU
		{34D6790F-30B6-49C6-9ED9-507C6F20661C}.Release|Any CPU.Build.0 = Release|Any CPU
		{31050EAB-3173-4F21-B5FF-E5706FD96F25}.Debug|Any CPU.ActiveCfg = Debug|Any CPU
		{31050EAB-3173-4F21-B5FF-E5706FD96F25}.Debug|Any CPU.Build.0 = Debug|Any CPU
		{31050EAB-3173-4F21-B5FF-E5706FD96F25}.Release|Any CPU.ActiveCfg = Release|Any CPU
		{31050EAB-3173-4F21-B5FF-E5706FD96F25}.Release|Any CPU.Build.0 = Release|Any CPU
	EndGlobalSection
	GlobalSection(SolutionProperties) = preSolution
		HideSolutionNode = FALSE
	EndGlobalSection
	GlobalSection(ExtensibilityGlobals) = postSolution
		SolutionGuid = {BABC3196-82FA-4849-B7D7-445DA3E8D250}
	EndGlobalSection
EndGlobal
